
Microsoft Visual Studio Solution File, Format Version 12.00
# Visual Studio Version 17
VisualStudioVersion = 17.0.32112.339
MinimumVisualStudioVersion = 10.0.40219.1
Project("{FAE04EC0-301F-11D3-BF4B-00C04F79EFBC}") = "GaleriaGatos", "GaleriaGatos\GaleriaGatos.csproj", "{873FEFE0-AD94-40C7-94E6-BD26365815EB}"
EndProject
Global
	GlobalSection(SolutionConfigurationPlatforms) = preSolution
		Debug|Any CPU = Debug|Any CPU
		Release|Any CPU = Release|Any CPU
	EndGlobalSection
	GlobalSection(ProjectConfigurationPlatforms) = postSolution
		{873FEFE0-AD94-40C7-94E6-BD26365815EB}.Debug|Any CPU.ActiveCfg = Debug|Any CPU
		{873FEFE0-AD94-40C7-94E6-BD26365815EB}.Debug|Any CPU.Build.0 = Debug|Any CPU
		{873FEFE0-AD94-40C7-94E6-BD26365815EB}.Release|Any CPU.ActiveCfg = Release|Any CPU
		{873FEFE0-AD94-40C7-94E6-BD26365815EB}.Release|Any CPU.Build.0 = Release|Any CPU
	EndGlobalSection
	GlobalSection(SolutionProperties) = preSolution
		HideSolutionNode = FALSE
	EndGlobalSection
	GlobalSection(ExtensibilityGlobals) = postSolution
		SolutionGuid = {2EF43C9F-84AB-4D72-B810-864FDB04048C}
	EndGlobalSection
EndGlobal
